
Microsoft Visual Studio Solution File, Format Version 12.00
# Visual Studio 2013
VisualStudioVersion = 12.0.40629.0
MinimumVisualStudioVersion = 10.0.40219.1
Project("{FAE04EC0-301F-11D3-BF4B-00C04F79EFBC}") = "Meetup.POO.Dominio", "Meetup.POO.Dominio\Meetup.POO.Dominio.csproj", "{5D062697-669E-4F0F-9967-8593BC5A9C3B}"
EndProject
Project("{FAE04EC0-301F-11D3-BF4B-00C04F79EFBC}") = "Meetup.POO.ConsoleApp", "Meetup.POO.ConsoleApp\Meetup.POO.ConsoleApp.csproj", "{9F3AC83A-7BFA-4806-88B8-5FC831D1E676}"
EndProject
Project("{2150E333-8FDC-42A3-9474-1A3956D46DE8}") = "Programacao Orientada a Objeto", "Programacao Orientada a Objeto", "{AFC018D5-7211-43D6-8E8D-CAD918DF3596}"
	ProjectSection(SolutionItems) = preProject
		POO.TXT = POO.TXT
	EndProjectSection
EndProject
Global
	GlobalSection(SolutionConfigurationPlatforms) = preSolution
		Debug|Any CPU = Debug|Any CPU
		Release|Any CPU = Release|Any CPU
	EndGlobalSection
	GlobalSection(ProjectConfigurationPlatforms) = postSolution
		{5D062697-669E-4F0F-9967-8593BC5A9C3B}.Debug|Any CPU.ActiveCfg = Debug|Any CPU
		{5D062697-669E-4F0F-9967-8593BC5A9C3B}.Debug|Any CPU.Build.0 = Debug|Any CPU
		{5D062697-669E-4F0F-9967-8593BC5A9C3B}.Release|Any CPU.ActiveCfg = Release|Any CPU
		{5D062697-669E-4F0F-9967-8593BC5A9C3B}.Release|Any CPU.Build.0 = Release|Any CPU
		{9F3AC83A-7BFA-4806-88B8-5FC831D1E676}.Debug|Any CPU.ActiveCfg = Debug|Any CPU
		{9F3AC83A-7BFA-4806-88B8-5FC831D1E676}.Debug|Any CPU.Build.0 = Debug|Any CPU
		{9F3AC83A-7BFA-4806-88B8-5FC831D1E676}.Release|Any CPU.ActiveCfg = Release|Any CPU
		{9F3AC83A-7BFA-4806-88B8-5FC831D1E676}.Release|Any CPU.Build.0 = Release|Any CPU
	EndGlobalSection
	GlobalSection(SolutionProperties) = preSolution
		HideSolutionNode = FALSE
	EndGlobalSection
EndGlobal
